
Microsoft Visual Studio Solution File, Format Version 12.00
# Visual Studio 15
VisualStudioVersion = 15.0.28010.2048
MinimumVisualStudioVersion = 10.0.40219.1
Project("{FAE04EC0-301F-11D3-BF4B-00C04F79EFBC}") = "Project2", "Project2\Project2.csproj", "{A39C054E-9863-479A-A39D-D9CD2627D84F}"
EndProject
Global
	GlobalSection(SolutionConfigurationPlatforms) = preSolution
		Debug|Any CPU = Debug|Any CPU
		Release|Any CPU = Release|Any CPU
	EndGlobalSection
	GlobalSection(ProjectConfigurationPlatforms) = postSolution
		{A39C054E-9863-479A-A39D-D9CD2627D84F}.Debug|Any CPU.ActiveCfg = Debug|Any CPU
		{A39C054E-9863-479A-A39D-D9CD2627D84F}.Debug|Any CPU.Build.0 = Debug|Any CPU
		{A39C054E-9863-479A-A39D-D9CD2627D84F}.Release|Any CPU.ActiveCfg = Release|Any CPU
		{A39C054E-9863-479A-A39D-D9CD2627D84F}.Release|Any CPU.Build.0 = Release|Any CPU
	EndGlobalSection
	GlobalSection(SolutionProperties) = preSolution
		HideSolutionNode = FALSE
	EndGlobalSection
	GlobalSection(ExtensibilityGlobals) = postSolution
		SolutionGuid = {45FD8C59-9969-4B71-AFA4-67FF0223CF3F}
	EndGlobalSection
EndGlobal
